Microsoft Visual Studio Solution File, Format Version 11.00
# Visual Studio 2008

Project("{E3D7A217-2A89-9680-A397-A666CB7E477E}") = "Bounce Back", "Assembly-CSharp-firstpass.csproj", "{4AC26B24-718A-2E49-814E-0C9B4813D0A3}"
EndProject
Project("{E3D7A217-2A89-9680-A397-A666CB7E477E}") = "Bounce Back", "Assembly-CSharp.csproj", "{F8B86865-4E08-1412-04B2-A8754A65D1DD}"
EndProject
Global
	GlobalSection(SolutionConfigurationPlatforms) = preSolution
		Debug|Any CPU = Debug|Any CPU
		Release|Any CPU = Release|Any CPU
	EndGlobalSection
	GlobalSection(ProjectConfigurationPlatforms) = postSolution
		{4AC26B24-718A-2E49-814E-0C9B4813D0A3}.Debug|Any CPU.ActiveCfg = Debug|Any CPU
		{4AC26B24-718A-2E49-814E-0C9B4813D0A3}.Debug|Any CPU.Build.0 = Debug|Any CPU
		{4AC26B24-718A-2E49-814E-0C9B4813D0A3}.Release|Any CPU.ActiveCfg = Release|Any CPU
		{4AC26B24-718A-2E49-814E-0C9B4813D0A3}.Release|Any CPU.Build.0 = Release|Any CPU
		{F8B86865-4E08-1412-04B2-A8754A65D1DD}.Debug|Any CPU.ActiveCfg = Debug|Any CPU
		{F8B86865-4E08-1412-04B2-A8754A65D1DD}.Debug|Any CPU.Build.0 = Debug|Any CPU
		{F8B86865-4E08-1412-04B2-A8754A65D1DD}.Release|Any CPU.ActiveCfg = Release|Any CPU
		{F8B86865-4E08-1412-04B2-A8754A65D1DD}.Release|Any CPU.Build.0 = Release|Any CPU
	EndGlobalSection
	GlobalSection(SolutionProperties) = preSolution
		HideSolutionNode = FALSE
	EndGlobalSection
	GlobalSection(MonoDevelopProperties) = preSolution
		Policies = $0
		$0.TextStylePolicy = $1
		$1.inheritsSet = null
		$1.scope = text/x-csharp
		$0.CSharpFormattingPolicy = $2
		$2.AfterDelegateDeclarationParameterComma = True
		$2.inheritsSet = Mono
		$2.inheritsScope = text/x-csharp
		$2.scope = text/x-csharp
		$0.TextStylePolicy = $3
		$3.FileWidth = 120
		$3.TabsToSpaces = False
		$3.inheritsSet = VisualStudio
		$3.inheritsScope = text/plain
		$3.scope = text/plain
	EndGlobalSection
EndGlobal
